
Microsoft Visual Studio Solution File, Format Version 12.00
# Visual Studio Version 17
VisualStudioVersion = 17.13.35818.85 d17.13
MinimumVisualStudioVersion = 10.0.40219.1
Project("{C9674DCB-5085-4A16-B785-4C70DD1589BD}") = "Adv_Work", "Adv_Work.dtproj", "{05778FF6-267E-D6FB-C56B-A4A57C25F16F}"
EndProject
Global
	GlobalSection(SolutionConfigurationPlatforms) = preSolution
		Development|Default = Development|Default
	EndGlobalSection
	GlobalSection(ProjectConfigurationPlatforms) = postSolution
		{05778FF6-267E-D6FB-C56B-A4A57C25F16F}.Development|Default.ActiveCfg = Development
		{05778FF6-267E-D6FB-C56B-A4A57C25F16F}.Development|Default.Build.0 = Development
	EndGlobalSection
	GlobalSection(SolutionProperties) = preSolution
		HideSolutionNode = FALSE
	EndGlobalSection
	GlobalSection(ExtensibilityGlobals) = postSolution
		SolutionGuid = {28EF6500-C794-4ACE-A290-A31AF32D6FD6}
	EndGlobalSection
EndGlobal
